
Microsoft Visual Studio Solution File, Format Version 12.00
# Visual Studio Version 17
VisualStudioVersion = 17.9.34310.174
MinimumVisualStudioVersion = 10.0.40219.1
Project("{FAE04EC0-301F-11D3-BF4B-00C04F79EFBC}") = "SimpleNoteAPI", "SimpleNoteAPI\SimpleNoteAPI.csproj", "{F97FBB25-17FD-4549-8A6E-8BEAC65D8134}"
EndProject
Global
	GlobalSection(SolutionConfigurationPlatforms) = preSolution
		Debug|Any CPU = Debug|Any CPU
		Release|Any CPU = Release|Any CPU
	EndGlobalSection
	GlobalSection(ProjectConfigurationPlatforms) = postSolution
		{F97FBB25-17FD-4549-8A6E-8BEAC65D8134}.Debug|Any CPU.ActiveCfg = Debug|Any CPU
		{F97FBB25-17FD-4549-8A6E-8BEAC65D8134}.Debug|Any CPU.Build.0 = Debug|Any CPU
		{F97FBB25-17FD-4549-8A6E-8BEAC65D8134}.Release|Any CPU.ActiveCfg = Release|Any CPU
		{F97FBB25-17FD-4549-8A6E-8BEAC65D8134}.Release|Any CPU.Build.0 = Release|Any CPU
	EndGlobalSection
	GlobalSection(SolutionProperties) = preSolution
		HideSolutionNode = FALSE
	EndGlobalSection
	GlobalSection(ExtensibilityGlobals) = postSolution
		SolutionGuid = {4B8BFD23-EC7D-4923-9A46-DEB553070D94}
	EndGlobalSection
EndGlobal
